
Microsoft Visual Studio Solution File, Format Version 12.00
# Visual Studio Version 16
VisualStudioVersion = 16.0.30225.117
MinimumVisualStudioVersion = 10.0.40219.1
Project("{FAE04EC0-301F-11D3-BF4B-00C04F79EFBC}") = "App1", "App1\App1.csproj", "{29672049-4550-430A-A76C-FE4E647DC69C}"
EndProject
Global
	GlobalSection(SolutionConfigurationPlatforms) = preSolution
		Debug|Any CPU = Debug|Any CPU
		Release|Any CPU = Release|Any CPU
	EndGlobalSection
	GlobalSection(ProjectConfigurationPlatforms) = postSolution
		{29672049-4550-430A-A76C-FE4E647DC69C}.Debug|Any CPU.ActiveCfg = Debug|Any CPU
		{29672049-4550-430A-A76C-FE4E647DC69C}.Debug|Any CPU.Build.0 = Debug|Any CPU
		{29672049-4550-430A-A76C-FE4E647DC69C}.Release|Any CPU.ActiveCfg = Release|Any CPU
		{29672049-4550-430A-A76C-FE4E647DC69C}.Release|Any CPU.Build.0 = Release|Any CPU
	EndGlobalSection
	GlobalSection(SolutionProperties) = preSolution
		HideSolutionNode = FALSE
	EndGlobalSection
	GlobalSection(ExtensibilityGlobals) = postSolution
		SolutionGuid = {1E76B331-31A3-4860-B093-6E682CDB4541}
	EndGlobalSection
EndGlobal
